// !$*UTF8*$!
{
	archiveVersion = 1;
	classes = {
	};
	objectVersion = 50;
	objects = {

/* Begin PBXBuildFile section */
		BADCFED726AA367400FBB8A3 /* AppDelegate.swift in Sources */ = {isa = PBXBuildFile; fileRef = BADCFED626AA367400FBB8A3 /* AppDelegate.swift */; };
		BADCFED926AA367400FBB8A3 /* SceneDelegate.swift in Sources */ = {isa = PBXBuildFile; fileRef = BADCFED826AA367400FBB8A3 /* SceneDelegate.swift */; };
		BADCFEDB26AA367400FBB8A3 /* ViewController.swift in Sources */ = {isa = PBXBuildFile; fileRef = BADCFEDA26AA367400FBB8A3 /* ViewController.swift */; };
		BADCFEDE26AA367400FBB8A3 /* Main.storyboard in Resources */ = {isa = PBXBuildFile; fileRef = BADCFEDC26AA367400FBB8A3 /* Main.storyboard */; };
		BADCFEE026AA367600FBB8A3 /* Assets.xcassets in Resources */ = {isa = PBXBuildFile; fileRef = BADCFEDF26AA367600FBB8A3 /* Assets.xcassets */; };
		BADCFEE326AA367600FBB8A3 /* LaunchScreen.storyboard in Resources */ = {isa = PBXBuildFile; fileRef = BADCFEE126AA367600FBB8A3 /* LaunchScreen.storyboard */; };
/* End PBXBuildFile section */

/* Begin PBXFileReference section */
		BADCFED326AA367400FBB8A3 /* Charts-Tutorial.app */ = {isa = PBXFileReference; explicitFileType = wrapper.application; includeInIndex = 0; path = "Charts-Tutorial.app"; sourceTree = BUILT_PRODUCTS_DIR; };
		BADCFED626AA367400FBB8A3 /* AppDelegate.swift */ = {isa = PBXFileReference; lastKnownFileType = sourcecode.swift; path = AppDelegate.swift; sourceTree = "<group>"; };
		BADCFED826AA367400FBB8A3 /* SceneDelegate.swift */ = {isa = PBXFileReference; lastKnownFileType = sourcecode.swift; path = SceneDelegate.swift; sourceTree = "<group>"; };
		BADCFEDA26AA367400FBB8A3 /* ViewController.swift */ = {isa = PBXFileReference; lastKnownFileType = sourcecode.swift; path = ViewController.swift; sourceTree = "<group>"; };
		BADCFEDD26AA367400FBB8A3 /* Base */ = {isa = PBXFileReference; lastKnownFileType = file.storyboard; name = Base; path = Base.lproj/Main.storyboard; sourceTree = "<group>"; };
		BADCFEDF26AA367600FBB8A3 /* Assets.xcassets */ = {isa = PBXFileReference; lastKnownFileType = folder.assetcatalog; path = Assets.xcassets; sourceTree = "<group>"; };
		BADCFEE226AA367600FBB8A3 /* Base */ = {isa = PBXFileReference; lastKnownFileType = file.storyboard; name = Base; path = Base.lproj/LaunchScreen.storyboard; sourceTree = "<group>"; };
		BADCFEE426AA367600FBB8A3 /* Info.plist */ = {isa = PBXFileReference; lastKnownFileType = text.plist.xml; path = Info.plist; sourceTree = "<group>"; };
/* End PBXFileReference section */

/* Begin PBXFrameworksBuildPhase section */
		BADCFED026AA367400FBB8A3 /* Frameworks */ = {
			isa = PBXFrameworksBuildPhase;
			buildActionMask = 2147483647;
			files = (
			);
			runOnlyForDeploymentPostprocessing = 0;
		};
/* End PBXFrameworksBuildPhase section */

/* Begin PBXGroup section */
		BADCFECA26AA367300FBB8A3 = {
			isa = PBXGroup;
			children = (
				BADCFED526AA367400FBB8A3 /* Charts-Tutorial */,
				BADCFED426AA367400FBB8A3 /* Products */,
			);
			sourceTree = "<group>";
		};
		BADCFED426AA367400FBB8A3 /* Products */ = {
			isa = PBXGroup;
			children = (
				BADCFED326AA367400FBB8A3 /* Charts-Tutorial.app */,
			);
			name = Products;
			sourceTree = "<group>";
		};
		BADCFED526AA367400FBB8A3 /* Charts-Tutorial */ = {
			isa = PBXGroup;
			children = (
				BADCFED626AA367400FBB8A3 /* AppDelegate.swift */,
				BADCFED826AA367400FBB8A3 /* SceneDelegate.swift */,
				BADCFEDA26AA367400FBB8A3 /* ViewController.swift */,
				BADCFEDC26AA367400FBB8A3 /* Main.storyboard */,
				BADCFEDF26AA367600FBB8A3 /* Assets.xcassets */,
				BADCFEE126AA367600FBB8A3 /* LaunchScreen.storyboard */,
				BADCFEE426AA367600FBB8A3 /* Info.plist */,
			);
			path = "Charts-Tutorial";
			sourceTree = "<group>";
		};
/* End PBXGroup section */

/* Begin PBXNativeTarget section */
		BADCFED226AA367400FBB8A3 /* Charts-Tutorial */ = {
			isa = PBXNativeTarget;
			buildConfigurationList = BADCFEE726AA367600FBB8A3 /* Build configuration list for PBXNativeTarget "Charts-Tutorial" */;
			buildPhases = (
				BADCFECF26AA367400FBB8A3 /* Sources */,
				BADCFED026AA367400FBB8A3 /* Frameworks */,
				BADCFED126AA367400FBB8A3 /* Resources */,
			);
			buildRules = (
			);
			dependencies = (
			);
			name = "Charts-Tutorial";
			productName = "Charts-Tutorial";
			productReference = BADCFED326AA367400FBB8A3 /* Charts-Tutorial.app */;
			productType = "com.apple.product-type.application";
		};
/* End PBXNativeTarget section */

/* Begin PBXProject section */
		BADCFECB26AA367300FBB8A3 /* Project object */ = {
			isa = PBXProject;
			attributes = {
				LastSwiftUpdateCheck = 1130;
				LastUpgradeCheck = 1130;
				ORGANIZATIONNAME = "Sunita Nhemafuki";
				TargetAttributes = {
					BADCFED226AA367400FBB8A3 = {
						CreatedOnToolsVersion = 11.3.1;
					};
				};
			};
			buildConfigurationList = BADCFECE26AA367300FBB8A3 /* Build configuration list for PBXProject "Charts-Tutorial" */;
			compatibilityVersion = "Xcode 9.3";
			developmentRegion = en;
			hasScannedForEncodings = 0;
			knownRegions = (
				en,
				Base,
			);
			mainGroup = BADCFECA26AA367300FBB8A3;
			productRefGroup = BADCFED426AA367400FBB8A3 /* Products */;
			projectDirPath = "";
			projectRoot = "";
			targets = (
				BADCFED226AA367400FBB8A3 /* Charts-Tutorial */,
			);
		};
/* End PBXProject section */

/* Begin PBXResourcesBuildPhase section */
		BADCFED126AA367400FBB8A3 /* Resources */ = {
			isa = PBXResourcesBuildPhase;
			buildActionMask = 2147483647;
			files = (
				BADCFEE326AA367600FBB8A3 /* LaunchScreen.storyboard in Resources */,
				BADCFEE026AA367600FBB8A3 /* Assets.xcassets in Resources */,
				BADCFEDE26AA367400FBB8A3 /* Main.storyboard in Resources */,
			);
			runOnlyForDeploymentPostprocessing = 0;
		};
/* End PBXResourcesBuildPhase section */

/* Begin PBXSourcesBuildPhase section */
		BADCFECF26AA367400FBB8A3 /* Sources */ = {
			isa = PBXSourcesBuildPhase;
			buildActionMask = 2147483647;
			files = (
				BADCFEDB26AA367400FBB8A3 /* ViewController.swift in Sources */,
				BADCFED726AA367400FBB8A3 /* AppDelegate.swift in Sources */,
				BADCFED926AA367400FBB8A3 /* SceneDelegate.swift in Sources */,
			);
			runOnlyForDeploymentPostprocessing = 0;
		};
/* End PBXSourcesBuildPhase section */

/* Begin PBXVariantGroup section */
		BADCFEDC26AA367400FBB8A3 /* Main.storyboard */ = {
			isa = PBXVariantGroup;
			children = (
				BADCFEDD26AA367400FBB8A3 /* Base */,
			);
			name = Main.storyboard;
			sourceTree = "<group>";
		};
		BADCFEE126AA367600FBB8A3 /* LaunchScreen.storyboard */ = {
			isa = PBXVariantGroup;
			children = (
				BADCFEE226AA367600FBB8A3 /* Base */,
			);
			name = LaunchScreen.storyboard;
			sourceTree = "<group>";
		};
/* End PBXVariantGroup section */

/* Begin XCBuildConfiguration section */
		BADCFEE526AA367600FBB8A3 /* Debug */ = {
			isa = XCBuildConfiguration;
			buildSettings = {
				ALWAYS_SEARCH_USER_PATHS = NO;
				CLANG_ANALYZER_NONNULL = YES;
				CLANG_ANALYZER_NUMBER_OBJECT_CONVERSION = YES_AGGRESSIVE;
				CLANG_CXX_LANGUAGE_STANDARD = "gnu++14";
				CLANG_CXX_LIBRARY = "libc++";
				CLANG_ENABLE_MODULES = YES;
				CLANG_ENABLE_OBJC_ARC = YES;
				CLANG_ENABLE_OBJC_WEAK = YES;
				CLANG_WARN_BLOCK_CAPTURE_AUTORELEASING = YES;
				CLANG_WARN_BOOL_CONVERSION = YES;
				CLANG_WARN_COMMA = YES;
				CLANG_WARN_CONSTANT_CONVERSION = YES;
				CLANG_WARN_DEPRECATED_OBJC_IMPLEMENTATIONS = YES;
				CLANG_WARN_DIRECT_OBJC_ISA_USAGE = YES_ERROR;
				CLANG_WARN_DOCUMENTATION_COMMENTS = YES;
				CLANG_WARN_EMPTY_BODY = YES;
				CLANG_WARN_ENUM_CONVERSION = YES;
				CLANG_WARN_INFINITE_RECURSION = YES;
				CLANG_WARN_INT_CONVERSION = YES;
				CLANG_WARN_NON_LITERAL_NULL_CONVERSION = YES;
				CLANG_WARN_OBJC_IMPLICIT_RETAIN_SELF = YES;
				CLANG_WARN_OBJC_LITERAL_CONVERSION = YES;
				CLANG_WARN_OBJC_ROOT_CLASS = YES_ERROR;
				CLANG_WARN_RANGE_LOOP_ANALYSIS = YES;
				CLANG_WARN_STRICT_PROTOTYPES = YES;
				CLANG_WARN_SUSPICIOUS_MOVE = YES;
				CLANG_WARN_UNGUARDED_AVAILABILITY = YES_AGGRESSIVE;
				CLANG_WARN_UNREACHABLE_CODE = YES;
				CLANG_WARN__DUPLICATE_METHOD_MATCH = YES;
				COPY_PHASE_STRIP = NO;
				DEBUG_INFORMATION_FORMAT = dwarf;
				ENABLE_STRICT_OBJC_MSGSEND = YES;
				ENABLE_TESTABILITY = YES;
				GCC_C_LANGUAGE_STANDARD = gnu11;
				GCC_DYNAMIC_NO_PIC = NO;
				GCC_NO_COMMON_BLOCKS = YES;
				GCC_OPTIMIZATION_LEVEL = 0;
				GCC_PREPROCESSOR_DEFINITIONS = (
					"DEBUG=1",
					"$(inherited)",
				);
				GCC_WARN_64_TO_32_BIT_CONVERSION = YES;
				GCC_WARN_ABOUT_RETURN_TYPE = YES_ERROR;
				GCC_WARN_UNDECLARED_SELECTOR = YES;
				GCC_WARN_UNINITIALIZED_AUTOS = YES_AGGRESSIVE;
				GCC_WARN_UNUSED_FUNCTION = YES;
				GCC_WARN_UNUSED_VARIABLE = YES;
				IPHONEOS_DEPLOYMENT_TARGET = 13.2;
				MTL_ENABLE_DEBUG_INFO = INCLUDE_SOURCE;
				MTL_FAST_MATH = YES;
				ONLY_ACTIVE_ARCH = YES;
				SDKROOT = iphoneos;
				SWIFT_ACTIVE_COMPILATION_CONDITIONS = DEBUG;
				SWIFT_OPTIMIZATION_LEVEL = "-Onone";
			};
			name = Debug;
		};
		BADCFEE626AA367600FBB8A3 /* Release */ = {
			isa = XCBuildConfiguration;
			buildSettings = {
				ALWAYS_SEARCH_USER_PATHS = NO;
				CLANG_ANALYZER_NONNULL = YES;
				CLANG_ANALYZER_NUMBER_OBJECT_CONVERSION = YES_AGGRESSIVE;
				CLANG_CXX_LANGUAGE_STANDARD = "gnu++14";
				CLANG_CXX_LIBRARY = "libc++";
				CLANG_ENABLE_MODULES = YES;
				CLANG_ENABLE_OBJC_ARC = YES;
				CLANG_ENABLE_OBJC_WEAK = YES;
				CLANG_WARN_BLOCK_CAPTURE_AUTORELEASING = YES;
				CLANG_WARN_BOOL_CONVERSION = YES;
				CLANG_WARN_COMMA = YES;
				CLANG_WARN_CONSTANT_CONVERSION = YES;
				CLANG_WARN_DEPRECATED_OBJC_IMPLEMENTATIONS = YES;
				CLANG_WARN_DIRECT_OBJC_ISA_USAGE = YES_ERROR;
				CLANG_WARN_DOCUMENTATION_COMMENTS = YES;
				CLANG_WARN_EMPTY_BODY = YES;
				CLANG_WARN_ENUM_CONVERSION = YES;
				CLANG_WARN_INFINITE_RECURSION = YES;
				CLANG_WARN_INT_CONVERSION = YES;
				CLANG_WARN_NON_LITERAL_NULL_CONVERSION = YES;
				CLANG_WARN_OBJC_IMPLICIT_RETAIN_SELF = YES;
				CLANG_WARN_OBJC_LITERAL_CONVERSION = YES;
				CLANG_WARN_OBJC_ROOT_CLASS = YES_ERROR;
				CLANG_WARN_RANGE_LOOP_ANALYSIS = YES;
				CLANG_WARN_STRICT_PROTOTYPES = YES;
				CLANG_WARN_SUSPICIOUS_MOVE = YES;
				CLANG_WARN_UNGUARDED_AVAILABILITY = YES_AGGRESSIVE;
				CLANG_WARN_UNREACHABLE_CODE = YES;
				CLANG_WARN__DUPLICATE_METHOD_MATCH = YES;
				COPY_PHASE_STRIP = NO;
				DEBUG_INFORMATION_FORMAT = "dwarf-with-dsym";
				ENABLE_NS_ASSERTIONS = NO;
				ENABLE_STRICT_OBJC_MSGSEND = YES;
				GCC_C_LANGUAGE_STANDARD = gnu11;
				GCC_NO_COMMON_BLOCKS = YES;
				GCC_WARN_64_TO_32_BIT_CONVERSION = YES;
				GCC_WARN_ABOUT_RETURN_TYPE = YES_ERROR;
				GCC_WARN_UNDECLARED_SELECTOR = YES;
				GCC_WARN_UNINITIALIZED_AUTOS = YES_AGGRESSIVE;
				GCC_WARN_UNUSED_FUNCTION = YES;
				GCC_WARN_UNUSED_VARIABLE = YES;
				IPHONEOS_DEPLOYMENT_TARGET = 13.2;
				MTL_ENABLE_DEBUG_INFO = NO;
				MTL_FAST_MATH = YES;
				SDKROOT = iphoneos;
				SWIFT_COMPILATION_MODE = wholemodule;
				SWIFT_OPTIMIZATION_LEVEL = "-O";
				VALIDATE_PRODUCT = YES;
			};
			name = Release;
		};
		BADCFEE826AA367600FBB8A3 /* Debug */ = {
			isa = XCBuildConfiguration;
			buildSettings = {
				ASSETCATALOG_COMPILER_APPICON_NAME = AppIcon;
				CODE_SIGN_STYLE = Automatic;
				DEVELOPMENT_TEAM = 54C93KBRC3;
				INFOPLIST_FILE = "Charts-Tutorial/Info.plist";
				LD_RUNPATH_SEARCH_PATHS = (
					"$(inherited)",
					"@executable_path/Frameworks",
				);
				PRODUCT_BUNDLE_IDENTIFIER = "com.sunitanhemafuki.Charts-Tutorial";
				PRODUCT_NAME = "$(TARGET_NAME)";
				SWIFT_VERSION = 5.0;
				TARGETED_DEVICE_FAMILY = "1,2";
			};
			name = Debug;
		};
		BADCFEE926AA367600FBB8A3 /* Release */ = {
			isa = XCBuildConfiguration;
			buildSettings = {
				ASSETCATALOG_COMPILER_APPICON_NAME = AppIcon;
				CODE_SIGN_STYLE = Automatic;
				DEVELOPMENT_TEAM = 54C93KBRC3;
				INFOPLIST_FILE = "Charts-Tutorial/Info.plist";
				LD_RUNPATH_SEARCH_PATHS = (
					"$(inherited)",
					"@executable_path/Frameworks",
				);
				PRODUCT_BUNDLE_IDENTIFIER = "com.sunitanhemafuki.Charts-Tutorial";
				PRODUCT_NAME = "$(TARGET_NAME)";
				SWIFT_VERSION = 5.0;
				TARGETED_DEVICE_FAMILY = "1,2";
			};
			name = Release;
		};
/* End XCBuildConfiguration section */

/* Begin XCConfigurationList section */
		BADCFECE26AA367300FBB8A3 /* Build configuration list for PBXProject "Charts-Tutorial" */ = {
			isa = XCConfigurationList;
			buildConfigurations = (
				BADCFEE526AA367600FBB8A3 /* Debug */,
				BADCFEE626AA367600FBB8A3 /* Release */,
			);
			defaultConfigurationIsVisible = 0;
			defaultConfigurationName = Release;
		};
		BADCFEE726AA367600FBB8A3 /* Build configuration list for PBXNativeTarget "Charts-Tutorial" */ = {
			isa = XCConfigurationList;
			buildConfigurations = (
				BADCFEE826AA367600FBB8A3 /* Debug */,
				BADCFEE926AA367600FBB8A3 /* Release */,
			);
			defaultConfigurationIsVisible = 0;
			defaultConfigurationName = Release;
		};
/* End XCConfigurationList section */
	};
	rootObject = BADCFECB26AA367300FBB8A3 /* Project object */;
}
